
Microsoft Visual Studio Solution File, Format Version 12.00
# Visual Studio Version 17
VisualStudioVersion = 17.12.35707.178
MinimumVisualStudioVersion = 10.0.40219.1
Project("{FAE04EC0-301F-11D3-BF4B-00C04F79EFBC}") = "AuthSample.None", "AuthSample.None\AuthSample.None.csproj", "{51CDE841-D76E-4ABF-8252-05BB0F811095}"
EndProject
Project("{FAE04EC0-301F-11D3-BF4B-00C04F79EFBC}") = "AuthSample.AppHost", "AuthSample.AppHost\AuthSample.AppHost.csproj", "{81B006D9-6906-4CD5-ADE1-34AA6B5C5F36}"
EndProject
Project("{FAE04EC0-301F-11D3-BF4B-00C04F79EFBC}") = "AuthSample.ServiceDefaults", "AuthSample.ServiceDefaults\AuthSample.ServiceDefaults.csproj", "{19B007C1-8377-4AAC-A993-A767CCF05E33}"
EndProject
Project("{FAE04EC0-301F-11D3-BF4B-00C04F79EFBC}") = "AuthSample.Individual", "AuthSample.Individual\AuthSample.Individual.csproj", "{49B49C08-E17B-4ECA-AAE5-0AA9878A74BD}"
EndProject
Project("{FAE04EC0-301F-11D3-BF4B-00C04F79EFBC}") = "AuthSample.EntraID", "AuthSample.EntraID\AuthSample.EntraID.csproj", "{F6DB2063-6B7A-41BC-B5EC-DE2E87C46F93}"
EndProject
Global
	GlobalSection(SolutionConfigurationPlatforms) = preSolution
		Debug|Any CPU = Debug|Any CPU
		Release|Any CPU = Release|Any CPU
	EndGlobalSection
	GlobalSection(ProjectConfigurationPlatforms) = postSolution
		{51CDE841-D76E-4ABF-8252-05BB0F811095}.Debug|Any CPU.ActiveCfg = Debug|Any CPU
		{51CDE841-D76E-4ABF-8252-05BB0F811095}.Debug|Any CPU.Build.0 = Debug|Any CPU
		{51CDE841-D76E-4ABF-8252-05BB0F811095}.Release|Any CPU.ActiveCfg = Release|Any CPU
		{51CDE841-D76E-4ABF-8252-05BB0F811095}.Release|Any CPU.Build.0 = Release|Any CPU
		{81B006D9-6906-4CD5-ADE1-34AA6B5C5F36}.Debug|Any CPU.ActiveCfg = Debug|Any CPU
		{81B006D9-6906-4CD5-ADE1-34AA6B5C5F36}.Debug|Any CPU.Build.0 = Debug|Any CPU
		{81B006D9-6906-4CD5-ADE1-34AA6B5C5F36}.Release|Any CPU.ActiveCfg = Release|Any CPU
		{81B006D9-6906-4CD5-ADE1-34AA6B5C5F36}.Release|Any CPU.Build.0 = Release|Any CPU
		{19B007C1-8377-4AAC-A993-A767CCF05E33}.Debug|Any CPU.ActiveCfg = Debug|Any CPU
		{19B007C1-8377-4AAC-A993-A767CCF05E33}.Debug|Any CPU.Build.0 = Debug|Any CPU
		{19B007C1-8377-4AAC-A993-A767CCF05E33}.Release|Any CPU.ActiveCfg = Release|Any CPU
		{19B007C1-8377-4AAC-A993-A767CCF05E33}.Release|Any CPU.Build.0 = Release|Any CPU
		{49B49C08-E17B-4ECA-AAE5-0AA9878A74BD}.Debug|Any CPU.ActiveCfg = Debug|Any CPU
		{49B49C08-E17B-4ECA-AAE5-0AA9878A74BD}.Debug|Any CPU.Build.0 = Debug|Any CPU
		{49B49C08-E17B-4ECA-AAE5-0AA9878A74BD}.Release|Any CPU.ActiveCfg = Release|Any CPU
		{49B49C08-E17B-4ECA-AAE5-0AA9878A74BD}.Release|Any CPU.Build.0 = Release|Any CPU
		{F6DB2063-6B7A-41BC-B5EC-DE2E87C46F93}.Debug|Any CPU.ActiveCfg = Debug|Any CPU
		{F6DB2063-6B7A-41BC-B5EC-DE2E87C46F93}.Debug|Any CPU.Build.0 = Debug|Any CPU
		{F6DB2063-6B7A-41BC-B5EC-DE2E87C46F93}.Release|Any CPU.ActiveCfg = Release|Any CPU
		{F6DB2063-6B7A-41BC-B5EC-DE2E87C46F93}.Release|Any CPU.Build.0 = Release|Any CPU
	EndGlobalSection
	GlobalSection(SolutionProperties) = preSolution
		HideSolutionNode = FALSE
	EndGlobalSection
EndGlobal
